
Microsoft Visual Studio Solution File, Format Version 12.00
# Visual Studio Version 16
VisualStudioVersion = 16.0.31112.23
MinimumVisualStudioVersion = 10.0.40219.1
Project("{9A19103F-16F7-4668-BE54-9A1E7A4F7556}") = "WSEP212", "WSEP212.csproj", "{EF397539-676D-4E75-80DA-C0D16963893A}"
EndProject
Global
	GlobalSection(SolutionConfigurationPlatforms) = preSolution
		Debug|Any CPU = Debug|Any CPU
		Release|Any CPU = Release|Any CPU
	EndGlobalSection
	GlobalSection(ProjectConfigurationPlatforms) = postSolution
		{EF397539-676D-4E75-80DA-C0D16963893A}.Debug|Any CPU.ActiveCfg = Debug|Any CPU
		{EF397539-676D-4E75-80DA-C0D16963893A}.Debug|Any CPU.Build.0 = Debug|Any CPU
		{EF397539-676D-4E75-80DA-C0D16963893A}.Release|Any CPU.ActiveCfg = Release|Any CPU
		{EF397539-676D-4E75-80DA-C0D16963893A}.Release|Any CPU.Build.0 = Release|Any CPU
	EndGlobalSection
	GlobalSection(SolutionProperties) = preSolution
		HideSolutionNode = FALSE
	EndGlobalSection
	GlobalSection(ExtensibilityGlobals) = postSolution
		SolutionGuid = {88862EA9-49EB-410D-90B6-8748B7E8F1AC}
	EndGlobalSection
EndGlobal
